
Microsoft Visual Studio Solution File, Format Version 11.00
# Visual Studio 2010
Project("{FAE04EC0-301F-11D3-BF4B-00C04F79EFBC}") = "Demo_App42_MonoDroid", "TestApp42Mono\Demo_App42_MonoDroid.csproj", "{3B18D4DA-BBBE-45EC-95C9-624C6C7D7204}"
EndProject
Global
	GlobalSection(SolutionConfigurationPlatforms) = preSolution
		Debug|Any CPU = Debug|Any CPU
		Release|Any CPU = Release|Any CPU
	EndGlobalSection
	GlobalSection(ProjectConfigurationPlatforms) = postSolution
		{3B18D4DA-BBBE-45EC-95C9-624C6C7D7204}.Debug|Any CPU.ActiveCfg = Debug|Any CPU
		{3B18D4DA-BBBE-45EC-95C9-624C6C7D7204}.Debug|Any CPU.Build.0 = Debug|Any CPU
		{3B18D4DA-BBBE-45EC-95C9-624C6C7D7204}.Release|Any CPU.ActiveCfg = Release|Any CPU
		{3B18D4DA-BBBE-45EC-95C9-624C6C7D7204}.Release|Any CPU.Build.0 = Release|Any CPU
	EndGlobalSection
	GlobalSection(MonoDevelopProperties) = preSolution
		StartupItem = TestApp42Mono\Demo_App42_MonoDroid.csproj
	EndGlobalSection
EndGlobal
