
Microsoft Visual Studio Solution File, Format Version 11.00
# Visual Studio 2010
Project("{FAE04EC0-301F-11D3-BF4B-00C04F79EFBC}") = "Demo_App42_MonoTouch", "Demo_App42_MonoTouch\Demo_App42_MonoTouch.csproj", "{F427A520-21B1-49C0-98D9-8BA29F2EFB11}"
EndProject
Global
	GlobalSection(SolutionConfigurationPlatforms) = preSolution
		Debug|iPhoneSimulator = Debug|iPhoneSimulator
		Release|iPhoneSimulator = Release|iPhoneSimulator
		Debug|iPhone = Debug|iPhone
		Release|iPhone = Release|iPhone
		Ad-Hoc|iPhone = Ad-Hoc|iPhone
		AppStore|iPhone = AppStore|iPhone
	EndGlobalSection
	GlobalSection(ProjectConfigurationPlatforms) = postSolution
		{F427A520-21B1-49C0-98D9-8BA29F2EFB11}.Ad-Hoc|iPhone.ActiveCfg = Ad-Hoc|iPhone
		{F427A520-21B1-49C0-98D9-8BA29F2EFB11}.Ad-Hoc|iPhone.Build.0 = Ad-Hoc|iPhone
		{F427A520-21B1-49C0-98D9-8BA29F2EFB11}.AppStore|iPhone.ActiveCfg = AppStore|iPhone
		{F427A520-21B1-49C0-98D9-8BA29F2EFB11}.AppStore|iPhone.Build.0 = AppStore|iPhone
		{F427A520-21B1-49C0-98D9-8BA29F2EFB11}.Debug|iPhone.ActiveCfg = Debug|iPhone
		{F427A520-21B1-49C0-98D9-8BA29F2EFB11}.Debug|iPhone.Build.0 = Debug|iPhone
		{F427A520-21B1-49C0-98D9-8BA29F2EFB11}.Debug|iPhoneSimulator.ActiveCfg = Debug|iPhoneSimulator
		{F427A520-21B1-49C0-98D9-8BA29F2EFB11}.Debug|iPhoneSimulator.Build.0 = Debug|iPhoneSimulator
		{F427A520-21B1-49C0-98D9-8BA29F2EFB11}.Release|iPhone.ActiveCfg = Release|iPhone
		{F427A520-21B1-49C0-98D9-8BA29F2EFB11}.Release|iPhone.Build.0 = Release|iPhone
		{F427A520-21B1-49C0-98D9-8BA29F2EFB11}.Release|iPhoneSimulator.ActiveCfg = Release|iPhoneSimulator
		{F427A520-21B1-49C0-98D9-8BA29F2EFB11}.Release|iPhoneSimulator.Build.0 = Release|iPhoneSimulator
	EndGlobalSection
	GlobalSection(MonoDevelopProperties) = preSolution
		StartupItem = Demo_App42_MonoTouch\Demo_App42_MonoTouch.csproj
	EndGlobalSection
EndGlobal
